{
  "name": "electron-boiler",
  "version": "1.0.0",
  "lockfileVersion": 1,
  "requires": true,
  "dependencies": {
    "weighteddice": {
      "version": "1.0.0",
      "resolved": "https://registry.npmjs.org/weighteddice/-/weighteddice-1.0.0.tgz",
      "integrity": "sha512-ZX6rBQUqrMhfDIon2UYHO+J08wAq4JHXQ6BcagJ2i0FmnsdEEXFacXo/GOTvbw7u/aW8z3RO4kzrTFiOPTTaTA=="
    }
  }
}
